
Microsoft Visual Studio Solution File, Format Version 12.00
# Visual Studio Version 17
VisualStudioVersion = 17.0.31903.59
MinimumVisualStudioVersion = 10.0.40219.1
Project("{FAE04EC0-301F-11D3-BF4B-00C04F79EFBC}") = "WorldCupTerminal", "WorldCupTerminal.csproj", "{875C51AA-B5C4-494A-93AD-047A97E4BEFF}"
EndProject
Project("{FAE04EC0-301F-11D3-BF4B-00C04F79EFBC}") = "WorldCupTerminal.ServiceDefaults", "WorldCupTerminal.ServiceDefaults\WorldCupTerminal.ServiceDefaults.csproj", "{C44CAD1D-5B32-4127-BD11-DEC1FEBE7281}"
EndProject
Project("{FAE04EC0-301F-11D3-BF4B-00C04F79EFBC}") = "WorldCupTerminal.AppHost", "WorldCupTerminal.AppHost\WorldCupTerminal.AppHost.csproj", "{FB477A00-18B0-4A7A-B37F-47370FF15192}"
EndProject
Global
	GlobalSection(SolutionConfigurationPlatforms) = preSolution
		Debug|Any CPU = Debug|Any CPU
		Release|Any CPU = Release|Any CPU
	EndGlobalSection
	GlobalSection(SolutionProperties) = preSolution
		HideSolutionNode = FALSE
	EndGlobalSection
	GlobalSection(ProjectConfigurationPlatforms) = postSolution
		{875C51AA-B5C4-494A-93AD-047A97E4BEFF}.Debug|Any CPU.ActiveCfg = Debug|Any CPU
		{875C51AA-B5C4-494A-93AD-047A97E4BEFF}.Debug|Any CPU.Build.0 = Debug|Any CPU
		{875C51AA-B5C4-494A-93AD-047A97E4BEFF}.Release|Any CPU.ActiveCfg = Release|Any CPU
		{875C51AA-B5C4-494A-93AD-047A97E4BEFF}.Release|Any CPU.Build.0 = Release|Any CPU
		{C44CAD1D-5B32-4127-BD11-DEC1FEBE7281}.Debug|Any CPU.ActiveCfg = Debug|Any CPU
		{C44CAD1D-5B32-4127-BD11-DEC1FEBE7281}.Debug|Any CPU.Build.0 = Debug|Any CPU
		{C44CAD1D-5B32-4127-BD11-DEC1FEBE7281}.Release|Any CPU.ActiveCfg = Release|Any CPU
		{C44CAD1D-5B32-4127-BD11-DEC1FEBE7281}.Release|Any CPU.Build.0 = Release|Any CPU
		{FB477A00-18B0-4A7A-B37F-47370FF15192}.Debug|Any CPU.ActiveCfg = Debug|Any CPU
		{FB477A00-18B0-4A7A-B37F-47370FF15192}.Debug|Any CPU.Build.0 = Debug|Any CPU
		{FB477A00-18B0-4A7A-B37F-47370FF15192}.Release|Any CPU.ActiveCfg = Release|Any CPU
		{FB477A00-18B0-4A7A-B37F-47370FF15192}.Release|Any CPU.Build.0 = Release|Any CPU
	EndGlobalSection
EndGlobal
